
Microsoft Visual Studio Solution File, Format Version 12.00
# Visual Studio Version 16
VisualStudioVersion = 16.0.30711.63
MinimumVisualStudioVersion = 10.0.40219.1
Project("{2150E333-8FDC-42A3-9474-1A3956D46DE8}") = "Solution Items", "Solution Items", "{F46F8BF5-399B-4D9C-8E72-F3EB821E8084}"
	ProjectSection(SolutionItems) = preProject
		LICENSE = LICENSE
		README.md = README.md
	EndProjectSection
EndProject
Project("{9A19103F-16F7-4668-BE54-9A1E7A4F7556}") = "NUlid", "NUlid\NUlid.csproj", "{14221C1D-0BCD-4D37-B7FC-051CA5624993}"
EndProject
Project("{9A19103F-16F7-4668-BE54-9A1E7A4F7556}") = "NUlid.Tests", "NUlid.Tests\NUlid.Tests.csproj", "{D015C9AA-287B-4115-A87F-8050D5A47C94}"
EndProject
Project("{7CF6DF6D-3B04-46F8-A40B-537D21BCA0B4}") = "NUlid.Documentation", "NUlid.Documentation\NUlid.Documentation.shfbproj", "{F2A4DEA6-4305-4BB8-BD86-7332E5F4B77A}"
	ProjectSection(ProjectDependencies) = postProject
		{14221C1D-0BCD-4D37-B7FC-051CA5624993} = {14221C1D-0BCD-4D37-B7FC-051CA5624993}
	EndProjectSection
EndProject
Project("{FAE04EC0-301F-11D3-BF4B-00C04F79EFBC}") = "NUlid.Performance", "NUlid.Performance\NUlid.Performance.csproj", "{505C3072-03AB-4161-8070-AA5118A9EC84}"
EndProject
Global
	GlobalSection(SolutionConfigurationPlatforms) = preSolution
		Debug|Any CPU = Debug|Any CPU
		Release|Any CPU = Release|Any CPU
	EndGlobalSection
	GlobalSection(ProjectConfigurationPlatforms) = postSolution
		{14221C1D-0BCD-4D37-B7FC-051CA5624993}.Debug|Any CPU.ActiveCfg = Debug|Any CPU
		{14221C1D-0BCD-4D37-B7FC-051CA5624993}.Debug|Any CPU.Build.0 = Debug|Any CPU
		{14221C1D-0BCD-4D37-B7FC-051CA5624993}.Release|Any CPU.ActiveCfg = Release|Any CPU
		{14221C1D-0BCD-4D37-B7FC-051CA5624993}.Release|Any CPU.Build.0 = Release|Any CPU
		{D015C9AA-287B-4115-A87F-8050D5A47C94}.Debug|Any CPU.ActiveCfg = Debug|Any CPU
		{D015C9AA-287B-4115-A87F-8050D5A47C94}.Debug|Any CPU.Build.0 = Debug|Any CPU
		{D015C9AA-287B-4115-A87F-8050D5A47C94}.Release|Any CPU.ActiveCfg = Release|Any CPU
		{D015C9AA-287B-4115-A87F-8050D5A47C94}.Release|Any CPU.Build.0 = Release|Any CPU
		{F2A4DEA6-4305-4BB8-BD86-7332E5F4B77A}.Debug|Any CPU.ActiveCfg = Debug|Any CPU
		{F2A4DEA6-4305-4BB8-BD86-7332E5F4B77A}.Release|Any CPU.ActiveCfg = Release|Any CPU
		{F2A4DEA6-4305-4BB8-BD86-7332E5F4B77A}.Release|Any CPU.Build.0 = Release|Any CPU
		{505C3072-03AB-4161-8070-AA5118A9EC84}.Debug|Any CPU.ActiveCfg = Debug|Any CPU
		{505C3072-03AB-4161-8070-AA5118A9EC84}.Debug|Any CPU.Build.0 = Debug|Any CPU
		{505C3072-03AB-4161-8070-AA5118A9EC84}.Release|Any CPU.ActiveCfg = Release|Any CPU
		{505C3072-03AB-4161-8070-AA5118A9EC84}.Release|Any CPU.Build.0 = Release|Any CPU
	EndGlobalSection
	GlobalSection(SolutionProperties) = preSolution
		HideSolutionNode = FALSE
	EndGlobalSection
	GlobalSection(ExtensibilityGlobals) = postSolution
		SolutionGuid = {96FD652F-0AA0-46EA-9929-9E0DB1CD38D1}
	EndGlobalSection
EndGlobal
